
Microsoft Visual Studio Solution File, Format Version 12.00
# Visual Studio 15
VisualStudioVersion = 15.0.25920.0
MinimumVisualStudioVersion = 10.0.40219.1
Project("{FAE04EC0-301F-11D3-BF4B-00C04F79EFBC}") = "Bender1", "Bender1\Bender1.csproj", "{AD109D97-8BBA-4655-B491-B9A4C6460FD0}"
EndProject
Global
	GlobalSection(SolutionConfigurationPlatforms) = preSolution
		Debug|Any CPU = Debug|Any CPU
		Release|Any CPU = Release|Any CPU
	EndGlobalSection
	GlobalSection(ProjectConfigurationPlatforms) = postSolution
		{AD109D97-8BBA-4655-B491-B9A4C6460FD0}.Debug|Any CPU.ActiveCfg = Debug|Any CPU
		{AD109D97-8BBA-4655-B491-B9A4C6460FD0}.Debug|Any CPU.Build.0 = Debug|Any CPU
		{AD109D97-8BBA-4655-B491-B9A4C6460FD0}.Release|Any CPU.ActiveCfg = Release|Any CPU
		{AD109D97-8BBA-4655-B491-B9A4C6460FD0}.Release|Any CPU.Build.0 = Release|Any CPU
	EndGlobalSection
	GlobalSection(SolutionProperties) = preSolution
		HideSolutionNode = FALSE
	EndGlobalSection
EndGlobal
